
Microsoft Visual Studio Solution File, Format Version 12.00
# Visual Studio Version 17
VisualStudioVersion = 17.4.33110.190
MinimumVisualStudioVersion = 10.0.40219.1
Project("{FAE04EC0-301F-11D3-BF4B-00C04F79EFBC}") = "DesignPatterns", "DesignPatterns\DesignPatterns.csproj", "{18A398CE-08D5-4B97-8A3B-F7F3A5883D11}"
EndProject
Project("{FAE04EC0-301F-11D3-BF4B-00C04F79EFBC}") = "BuilderPattern", "BuilderPattern\BuilderPattern.csproj", "{0FFD1682-BB51-4ECD-B279-DA94AAA01A50}"
EndProject
Global
	GlobalSection(SolutionConfigurationPlatforms) = preSolution
		Debug|Any CPU = Debug|Any CPU
		Release|Any CPU = Release|Any CPU
	EndGlobalSection
	GlobalSection(ProjectConfigurationPlatforms) = postSolution
		{18A398CE-08D5-4B97-8A3B-F7F3A5883D11}.Debug|Any CPU.ActiveCfg = Debug|Any CPU
		{18A398CE-08D5-4B97-8A3B-F7F3A5883D11}.Debug|Any CPU.Build.0 = Debug|Any CPU
		{18A398CE-08D5-4B97-8A3B-F7F3A5883D11}.Release|Any CPU.ActiveCfg = Release|Any CPU
		{18A398CE-08D5-4B97-8A3B-F7F3A5883D11}.Release|Any CPU.Build.0 = Release|Any CPU
		{0FFD1682-BB51-4ECD-B279-DA94AAA01A50}.Debug|Any CPU.ActiveCfg = Debug|Any CPU
		{0FFD1682-BB51-4ECD-B279-DA94AAA01A50}.Debug|Any CPU.Build.0 = Debug|Any CPU
		{0FFD1682-BB51-4ECD-B279-DA94AAA01A50}.Release|Any CPU.ActiveCfg = Release|Any CPU
		{0FFD1682-BB51-4ECD-B279-DA94AAA01A50}.Release|Any CPU.Build.0 = Release|Any CPU
	EndGlobalSection
	GlobalSection(SolutionProperties) = preSolution
		HideSolutionNode = FALSE
	EndGlobalSection
	GlobalSection(ExtensibilityGlobals) = postSolution
		SolutionGuid = {A5110F2F-B951-4695-80D1-7DA656D68C80}
	EndGlobalSection
EndGlobal
