
Microsoft Visual Studio Solution File, Format Version 12.00
# Visual Studio Version 17
VisualStudioVersion = 17.4.33110.190
MinimumVisualStudioVersion = 10.0.40219.1
Project("{9A19103F-16F7-4668-BE54-9A1E7A4F7556}") = "BuilderPattern", "BuilderPattern\BuilderPattern.csproj", "{8C243076-85CE-456B-81A7-EF8D7C32A0D0}"
EndProject
Project("{9A19103F-16F7-4668-BE54-9A1E7A4F7556}") = "SingletonPattern", "SingletonPattern\SingletonPattern.csproj", "{B002A24C-7B37-4ACC-A43E-73546570B1E9}"
EndProject
Project("{FAE04EC0-301F-11D3-BF4B-00C04F79EFBC}") = "PrototypePattern", "PrototypePattern\PrototypePattern.csproj", "{69AFF586-96FD-4252-BC1A-9BCE88C29B22}"
EndProject
Global
	GlobalSection(SolutionConfigurationPlatforms) = preSolution
		Debug|Any CPU = Debug|Any CPU
		Release|Any CPU = Release|Any CPU
	EndGlobalSection
	GlobalSection(ProjectConfigurationPlatforms) = postSolution
		{8C243076-85CE-456B-81A7-EF8D7C32A0D0}.Debug|Any CPU.ActiveCfg = Debug|Any CPU
		{8C243076-85CE-456B-81A7-EF8D7C32A0D0}.Debug|Any CPU.Build.0 = Debug|Any CPU
		{8C243076-85CE-456B-81A7-EF8D7C32A0D0}.Release|Any CPU.ActiveCfg = Release|Any CPU
		{8C243076-85CE-456B-81A7-EF8D7C32A0D0}.Release|Any CPU.Build.0 = Release|Any CPU
		{B002A24C-7B37-4ACC-A43E-73546570B1E9}.Debug|Any CPU.ActiveCfg = Debug|Any CPU
		{B002A24C-7B37-4ACC-A43E-73546570B1E9}.Debug|Any CPU.Build.0 = Debug|Any CPU
		{B002A24C-7B37-4ACC-A43E-73546570B1E9}.Release|Any CPU.ActiveCfg = Release|Any CPU
		{B002A24C-7B37-4ACC-A43E-73546570B1E9}.Release|Any CPU.Build.0 = Release|Any CPU
		{69AFF586-96FD-4252-BC1A-9BCE88C29B22}.Debug|Any CPU.ActiveCfg = Debug|Any CPU
		{69AFF586-96FD-4252-BC1A-9BCE88C29B22}.Debug|Any CPU.Build.0 = Debug|Any CPU
		{69AFF586-96FD-4252-BC1A-9BCE88C29B22}.Release|Any CPU.ActiveCfg = Release|Any CPU
		{69AFF586-96FD-4252-BC1A-9BCE88C29B22}.Release|Any CPU.Build.0 = Release|Any CPU
	EndGlobalSection
	GlobalSection(SolutionProperties) = preSolution
		HideSolutionNode = FALSE
	EndGlobalSection
	GlobalSection(ExtensibilityGlobals) = postSolution
		SolutionGuid = {A5110F2F-B951-4695-80D1-7DA656D68C80}
	EndGlobalSection
EndGlobal
